
Microsoft Visual Studio Solution File, Format Version 12.00
# Visual Studio 14
VisualStudioVersion = 14.0.25420.1
MinimumVisualStudioVersion = 10.0.40219.1
Project("{FAE04EC0-301F-11D3-BF4B-00C04F79EFBC}") = "BlackJackV0", "BlackJackV0\BlackJackV0.csproj", "{C1062C23-0B47-4684-99B1-D18F27AC987F}"
EndProject
Project("{FAE04EC0-301F-11D3-BF4B-00C04F79EFBC}") = "OODemot", "Demot\OODemot.csproj", "{825D27E1-BE3F-47FB-B98B-32C6C3D431FF}"
EndProject
Project("{FAE04EC0-301F-11D3-BF4B-00C04F79EFBC}") = "Viikkotehtavat", "Viikkotehtavat\Viikkotehtavat.csproj", "{52046ACB-938C-4067-9F14-205E9FF41382}"
EndProject
Project("{FAE04EC0-301F-11D3-BF4B-00C04F79EFBC}") = "T1HenkiloRekisteri", "T1HenkiloRekisteri\T1HenkiloRekisteri.csproj", "{CCB5E126-F31C-4F96-97CA-7F4E7B2D4731}"
EndProject
Project("{FAE04EC0-301F-11D3-BF4B-00C04F79EFBC}") = "LaskinDemo", "LaskinDemo\LaskinDemo.csproj", "{B2A3B3EB-35DC-47F3-BB6B-C817841AF828}"
EndProject
Project("{FAE04EC0-301F-11D3-BF4B-00C04F79EFBC}") = "LaskinDemoTests", "LaskinDemoTests\LaskinDemoTests.csproj", "{7894B5A2-1315-4222-88AA-7E1E92597EBF}"
EndProject
Project("{FAE04EC0-301F-11D3-BF4B-00C04F79EFBC}") = "WPFHello", "WPFHello\WPFHello.csproj", "{8C68508C-CF59-4BB1-A85A-AEAD982A6D78}"
EndProject
Project("{FAE04EC0-301F-11D3-BF4B-00C04F79EFBC}") = "WPFPolyline", "WPFPolyline\WPFPolyline.csproj", "{B6D64966-AE49-4D88-8F93-03DB0D7A8780}"
EndProject
Project("{FAE04EC0-301F-11D3-BF4B-00C04F79EFBC}") = "WPFDataBindaus", "WPFDataBindaus\WPFDataBindaus.csproj", "{80B7D513-E30F-4D9A-9EF5-7FF176218F5F}"
EndProject
Project("{FAE04EC0-301F-11D3-BF4B-00C04F79EFBC}") = "Demo06T1", "Demo06T1\Demo06T1.csproj", "{BE766C57-4284-45E1-B380-7554680C0D5B}"
EndProject
Project("{FAE04EC0-301F-11D3-BF4B-00C04F79EFBC}") = "MVVMDemo", "MVVMDemo\MVVMDemo.csproj", "{AB2CE778-896C-425A-B6C7-C34614B98375}"
EndProject
Project("{FAE04EC0-301F-11D3-BF4B-00C04F79EFBC}") = "IODemo", "IODemo\IODemo.csproj", "{1236D21F-8F54-4E34-927B-16DFD043D8DA}"
EndProject
Project("{FAE04EC0-301F-11D3-BF4B-00C04F79EFBC}") = "YksikkoTestausDemo", "YksikkoTestausDemo\YksikkoTestausDemo.csproj", "{427D5A62-AE16-403D-9105-A297B7DA9104}"
EndProject
Project("{FAE04EC0-301F-11D3-BF4B-00C04F79EFBC}") = "YksikkoTestausDemoTests", "YksikkoTestausDemoTests\YksikkoTestausDemoTests.csproj", "{AAD89FD0-D992-4A51-BC6E-7541285375D5}"
EndProject
Project("{FAE04EC0-301F-11D3-BF4B-00C04F79EFBC}") = "WPFThreadDemo", "WPFThreadDemo\WPFThreadDemo.csproj", "{3CAA69F1-1475-44C0-B406-93937B0F0CA5}"
EndProject
Project("{FAE04EC0-301F-11D3-BF4B-00C04F79EFBC}") = "WPFVRTrains", "WPFVRTrains\WPFVRTrains.csproj", "{B8FB3407-B21D-4D8D-9BD5-405CAB255F28}"
EndProject
Project("{FAE04EC0-301F-11D3-BF4B-00C04F79EFBC}") = "MyFirstWPF", "MyFirstWPF\MyFirstWPF.csproj", "{BBEEAB84-BF7C-4559-9CD9-E1D9556034E6}"
EndProject
Project("{FAE04EC0-301F-11D3-BF4B-00C04F79EFBC}") = "SnakeWPF", "SnakeWPF\SnakeWPF.csproj", "{CCD3A13D-28AB-4BFE-BBCC-FFC7DA539C3A}"
EndProject
Project("{FAE04EC0-301F-11D3-BF4B-00C04F79EFBC}") = "WPFShoppingList", "WPFShoppingList\WPFShoppingList.csproj", "{1E1E1C31-B313-442B-9FF6-143D2CF008E7}"
EndProject
Global
	GlobalSection(SolutionConfigurationPlatforms) = preSolution
		Debug|Any CPU = Debug|Any CPU
		Release|Any CPU = Release|Any CPU
	EndGlobalSection
	GlobalSection(ProjectConfigurationPlatforms) = postSolution
		{C1062C23-0B47-4684-99B1-D18F27AC987F}.Debug|Any CPU.ActiveCfg = Debug|Any CPU
		{C1062C23-0B47-4684-99B1-D18F27AC987F}.Debug|Any CPU.Build.0 = Debug|Any CPU
		{C1062C23-0B47-4684-99B1-D18F27AC987F}.Release|Any CPU.ActiveCfg = Release|Any CPU
		{C1062C23-0B47-4684-99B1-D18F27AC987F}.Release|Any CPU.Build.0 = Release|Any CPU
		{825D27E1-BE3F-47FB-B98B-32C6C3D431FF}.Debug|Any CPU.ActiveCfg = Debug|Any CPU
		{825D27E1-BE3F-47FB-B98B-32C6C3D431FF}.Debug|Any CPU.Build.0 = Debug|Any CPU
		{825D27E1-BE3F-47FB-B98B-32C6C3D431FF}.Release|Any CPU.ActiveCfg = Release|Any CPU
		{825D27E1-BE3F-47FB-B98B-32C6C3D431FF}.Release|Any CPU.Build.0 = Release|Any CPU
		{52046ACB-938C-4067-9F14-205E9FF41382}.Debug|Any CPU.ActiveCfg = Debug|Any CPU
		{52046ACB-938C-4067-9F14-205E9FF41382}.Debug|Any CPU.Build.0 = Debug|Any CPU
		{52046ACB-938C-4067-9F14-205E9FF41382}.Release|Any CPU.ActiveCfg = Release|Any CPU
		{52046ACB-938C-4067-9F14-205E9FF41382}.Release|Any CPU.Build.0 = Release|Any CPU
		{CCB5E126-F31C-4F96-97CA-7F4E7B2D4731}.Debug|Any CPU.ActiveCfg = Debug|Any CPU
		{CCB5E126-F31C-4F96-97CA-7F4E7B2D4731}.Debug|Any CPU.Build.0 = Debug|Any CPU
		{CCB5E126-F31C-4F96-97CA-7F4E7B2D4731}.Release|Any CPU.ActiveCfg = Release|Any CPU
		{CCB5E126-F31C-4F96-97CA-7F4E7B2D4731}.Release|Any CPU.Build.0 = Release|Any CPU
		{B2A3B3EB-35DC-47F3-BB6B-C817841AF828}.Debug|Any CPU.ActiveCfg = Debug|Any CPU
		{B2A3B3EB-35DC-47F3-BB6B-C817841AF828}.Debug|Any CPU.Build.0 = Debug|Any CPU
		{B2A3B3EB-35DC-47F3-BB6B-C817841AF828}.Release|Any CPU.ActiveCfg = Release|Any CPU
		{B2A3B3EB-35DC-47F3-BB6B-C817841AF828}.Release|Any CPU.Build.0 = Release|Any CPU
		{7894B5A2-1315-4222-88AA-7E1E92597EBF}.Debug|Any CPU.ActiveCfg = Debug|Any CPU
		{7894B5A2-1315-4222-88AA-7E1E92597EBF}.Debug|Any CPU.Build.0 = Debug|Any CPU
		{7894B5A2-1315-4222-88AA-7E1E92597EBF}.Release|Any CPU.ActiveCfg = Release|Any CPU
		{7894B5A2-1315-4222-88AA-7E1E92597EBF}.Release|Any CPU.Build.0 = Release|Any CPU
		{8C68508C-CF59-4BB1-A85A-AEAD982A6D78}.Debug|Any CPU.ActiveCfg = Debug|Any CPU
		{8C68508C-CF59-4BB1-A85A-AEAD982A6D78}.Debug|Any CPU.Build.0 = Debug|Any CPU
		{8C68508C-CF59-4BB1-A85A-AEAD982A6D78}.Release|Any CPU.ActiveCfg = Release|Any CPU
		{8C68508C-CF59-4BB1-A85A-AEAD982A6D78}.Release|Any CPU.Build.0 = Release|Any CPU
		{B6D64966-AE49-4D88-8F93-03DB0D7A8780}.Debug|Any CPU.ActiveCfg = Debug|Any CPU
		{B6D64966-AE49-4D88-8F93-03DB0D7A8780}.Debug|Any CPU.Build.0 = Debug|Any CPU
		{B6D64966-AE49-4D88-8F93-03DB0D7A8780}.Release|Any CPU.ActiveCfg = Release|Any CPU
		{B6D64966-AE49-4D88-8F93-03DB0D7A8780}.Release|Any CPU.Build.0 = Release|Any CPU
		{80B7D513-E30F-4D9A-9EF5-7FF176218F5F}.Debug|Any CPU.ActiveCfg = Debug|Any CPU
		{80B7D513-E30F-4D9A-9EF5-7FF176218F5F}.Debug|Any CPU.Build.0 = Debug|Any CPU
		{80B7D513-E30F-4D9A-9EF5-7FF176218F5F}.Release|Any CPU.ActiveCfg = Release|Any CPU
		{80B7D513-E30F-4D9A-9EF5-7FF176218F5F}.Release|Any CPU.Build.0 = Release|Any CPU
		{BE766C57-4284-45E1-B380-7554680C0D5B}.Debug|Any CPU.ActiveCfg = Debug|Any CPU
		{BE766C57-4284-45E1-B380-7554680C0D5B}.Debug|Any CPU.Build.0 = Debug|Any CPU
		{BE766C57-4284-45E1-B380-7554680C0D5B}.Release|Any CPU.ActiveCfg = Release|Any CPU
		{BE766C57-4284-45E1-B380-7554680C0D5B}.Release|Any CPU.Build.0 = Release|Any CPU
		{AB2CE778-896C-425A-B6C7-C34614B98375}.Debug|Any CPU.ActiveCfg = Debug|Any CPU
		{AB2CE778-896C-425A-B6C7-C34614B98375}.Debug|Any CPU.Build.0 = Debug|Any CPU
		{AB2CE778-896C-425A-B6C7-C34614B98375}.Release|Any CPU.ActiveCfg = Release|Any CPU
		{AB2CE778-896C-425A-B6C7-C34614B98375}.Release|Any CPU.Build.0 = Release|Any CPU
		{1236D21F-8F54-4E34-927B-16DFD043D8DA}.Debug|Any CPU.ActiveCfg = Debug|Any CPU
		{1236D21F-8F54-4E34-927B-16DFD043D8DA}.Debug|Any CPU.Build.0 = Debug|Any CPU
		{1236D21F-8F54-4E34-927B-16DFD043D8DA}.Release|Any CPU.ActiveCfg = Release|Any CPU
		{1236D21F-8F54-4E34-927B-16DFD043D8DA}.Release|Any CPU.Build.0 = Release|Any CPU
		{427D5A62-AE16-403D-9105-A297B7DA9104}.Debug|Any CPU.ActiveCfg = Debug|Any CPU
		{427D5A62-AE16-403D-9105-A297B7DA9104}.Debug|Any CPU.Build.0 = Debug|Any CPU
		{427D5A62-AE16-403D-9105-A297B7DA9104}.Release|Any CPU.ActiveCfg = Release|Any CPU
		{427D5A62-AE16-403D-9105-A297B7DA9104}.Release|Any CPU.Build.0 = Release|Any CPU
		{AAD89FD0-D992-4A51-BC6E-7541285375D5}.Debug|Any CPU.ActiveCfg = Debug|Any CPU
		{AAD89FD0-D992-4A51-BC6E-7541285375D5}.Debug|Any CPU.Build.0 = Debug|Any CPU
		{AAD89FD0-D992-4A51-BC6E-7541285375D5}.Release|Any CPU.ActiveCfg = Release|Any CPU
		{AAD89FD0-D992-4A51-BC6E-7541285375D5}.Release|Any CPU.Build.0 = Release|Any CPU
		{3CAA69F1-1475-44C0-B406-93937B0F0CA5}.Debug|Any CPU.ActiveCfg = Debug|Any CPU
		{3CAA69F1-1475-44C0-B406-93937B0F0CA5}.Debug|Any CPU.Build.0 = Debug|Any CPU
		{3CAA69F1-1475-44C0-B406-93937B0F0CA5}.Release|Any CPU.ActiveCfg = Release|Any CPU
		{3CAA69F1-1475-44C0-B406-93937B0F0CA5}.Release|Any CPU.Build.0 = Release|Any CPU
		{B8FB3407-B21D-4D8D-9BD5-405CAB255F28}.Debug|Any CPU.ActiveCfg = Debug|Any CPU
		{B8FB3407-B21D-4D8D-9BD5-405CAB255F28}.Debug|Any CPU.Build.0 = Debug|Any CPU
		{B8FB3407-B21D-4D8D-9BD5-405CAB255F28}.Release|Any CPU.ActiveCfg = Release|Any CPU
		{B8FB3407-B21D-4D8D-9BD5-405CAB255F28}.Release|Any CPU.Build.0 = Release|Any CPU
		{BBEEAB84-BF7C-4559-9CD9-E1D9556034E6}.Debug|Any CPU.ActiveCfg = Debug|Any CPU
		{BBEEAB84-BF7C-4559-9CD9-E1D9556034E6}.Debug|Any CPU.Build.0 = Debug|Any CPU
		{BBEEAB84-BF7C-4559-9CD9-E1D9556034E6}.Release|Any CPU.ActiveCfg = Release|Any CPU
		{BBEEAB84-BF7C-4559-9CD9-E1D9556034E6}.Release|Any CPU.Build.0 = Release|Any CPU
		{CCD3A13D-28AB-4BFE-BBCC-FFC7DA539C3A}.Debug|Any CPU.ActiveCfg = Debug|Any CPU
		{CCD3A13D-28AB-4BFE-BBCC-FFC7DA539C3A}.Debug|Any CPU.Build.0 = Debug|Any CPU
		{CCD3A13D-28AB-4BFE-BBCC-FFC7DA539C3A}.Release|Any CPU.ActiveCfg = Release|Any CPU
		{CCD3A13D-28AB-4BFE-BBCC-FFC7DA539C3A}.Release|Any CPU.Build.0 = Release|Any CPU
		{1E1E1C31-B313-442B-9FF6-143D2CF008E7}.Debug|Any CPU.ActiveCfg = Debug|Any CPU
		{1E1E1C31-B313-442B-9FF6-143D2CF008E7}.Debug|Any CPU.Build.0 = Debug|Any CPU
		{1E1E1C31-B313-442B-9FF6-143D2CF008E7}.Release|Any CPU.ActiveCfg = Release|Any CPU
		{1E1E1C31-B313-442B-9FF6-143D2CF008E7}.Release|Any CPU.Build.0 = Release|Any CPU
	EndGlobalSection
	GlobalSection(SolutionProperties) = preSolution
		HideSolutionNode = FALSE
	EndGlobalSection
EndGlobal
